{
  "requires": true,
  "lockfileVersion": 1,
  "dependencies": {
    "dequal": {
      "version": "2.0.2",
      "resolved": "https://registry.npmjs.org/dequal/-/dequal-2.0.2.tgz",
      "integrity": "sha512-q9K8BlJVxK7hQYqa6XISGmBZbtQQWVXSrRrWreHC94rMt1QL/Impruc+7p2CYSYuVIUr+YCt6hjrs1kkdJRTug==",
      "dev": true
    },
    "swr": {
      "version": "1.0.1",
      "resolved": "https://registry.npmjs.org/swr/-/swr-1.0.1.tgz",
      "integrity": "sha512-EPQAxSjoD4IaM49rpRHK0q+/NzcwoT8c0/Ylu/u3/6mFj/CWnQVjNJ0MV2Iuw/U+EJSd2TX5czdAwKPYZIG0YA==",
      "dev": true,
      "requires": {
        "dequal": "2.0.2"
      }
    }
  }
}
